
Microsoft Visual Studio Solution File, Format Version 12.00
# Visual Studio Version 17
VisualStudioVersion = 17.1.32210.238
MinimumVisualStudioVersion = 10.0.40219.1
Project("{F184B08F-C81C-45F6-A57F-5ABD9991F28F}") = "pdfResumeCreator-VbNet", "pdfResumeCreator-VbNet\pdfResumeCreator-VbNet.vbproj", "{3015353D-9B21-4525-816F-F7F9E068596E}"
EndProject
Global
	GlobalSection(SolutionConfigurationPlatforms) = preSolution
		Debug|Any CPU = Debug|Any CPU
		Release|Any CPU = Release|Any CPU
	EndGlobalSection
	GlobalSection(ProjectConfigurationPlatforms) = postSolution
		{3015353D-9B21-4525-816F-F7F9E068596E}.Debug|Any CPU.ActiveCfg = Debug|Any CPU
		{3015353D-9B21-4525-816F-F7F9E068596E}.Debug|Any CPU.Build.0 = Debug|Any CPU
		{3015353D-9B21-4525-816F-F7F9E068596E}.Release|Any CPU.ActiveCfg = Release|Any CPU
		{3015353D-9B21-4525-816F-F7F9E068596E}.Release|Any CPU.Build.0 = Release|Any CPU
	EndGlobalSection
	GlobalSection(SolutionProperties) = preSolution
		HideSolutionNode = FALSE
	EndGlobalSection
	GlobalSection(ExtensibilityGlobals) = postSolution
		SolutionGuid = {3E52596D-130B-4F32-A392-AC01026CEB14}
	EndGlobalSection
EndGlobal
